
Microsoft Visual Studio Solution File, Format Version 12.00
# Visual Studio 2012
Project("{FAE04EC0-301F-11D3-BF4B-00C04F79EFBC}") = "01Events", "01Events\01Events.csproj", "{8E333CB1-240F-4266-BA69-6EE02A343DEE}"
EndProject
Project("{2150E333-8FDC-42A3-9474-1A3956D46DE8}") = "Solution Items", "Solution Items", "{0CB148E3-16A2-43D0-B6BB-F5BD4FB7D216}"
	ProjectSection(SolutionItems) = preProject
		02Code\code.js = 02Code\code.js
	EndProjectSection
EndProject
Global
	GlobalSection(SolutionConfigurationPlatforms) = preSolution
		Debug|Any CPU = Debug|Any CPU
		Release|Any CPU = Release|Any CPU
	EndGlobalSection
	GlobalSection(ProjectConfigurationPlatforms) = postSolution
		{8E333CB1-240F-4266-BA69-6EE02A343DEE}.Debug|Any CPU.ActiveCfg = Debug|Any CPU
		{8E333CB1-240F-4266-BA69-6EE02A343DEE}.Debug|Any CPU.Build.0 = Debug|Any CPU
		{8E333CB1-240F-4266-BA69-6EE02A343DEE}.Release|Any CPU.ActiveCfg = Release|Any CPU
		{8E333CB1-240F-4266-BA69-6EE02A343DEE}.Release|Any CPU.Build.0 = Release|Any CPU
	EndGlobalSection
	GlobalSection(SolutionProperties) = preSolution
		HideSolutionNode = FALSE
	EndGlobalSection
EndGlobal
