
Microsoft Visual Studio Solution File, Format Version 12.00
# Visual Studio 2012
Project("{FAE04EC0-301F-11D3-BF4B-00C04F79EFBC}") = "LostVikingGame", "LostVikingGame\LostVikingGame.csproj", "{F5EF2A93-8AD2-4DE8-93AF-E89772F37B13}"
EndProject
Global
	GlobalSection(TeamFoundationVersionControl) = preSolution
		SccNumberOfProjects = 2
		SccEnterpriseProvider = {4CA58AB2-18FA-4F8D-95D4-32DDF27D184C}
		SccTeamFoundationServer = https://nikolovk.visualstudio.com/defaultcollection
		SccLocalPath0 = .
		SccProjectUniqueName1 = LostVikingGame\\LostVikingGame.csproj
		SccProjectName1 = LostVikingGame
		SccLocalPath1 = LostVikingGame
	EndGlobalSection
	GlobalSection(SolutionConfigurationPlatforms) = preSolution
		Debug|Any CPU = Debug|Any CPU
		Release|Any CPU = Release|Any CPU
	EndGlobalSection
	GlobalSection(ProjectConfigurationPlatforms) = postSolution
		{F5EF2A93-8AD2-4DE8-93AF-E89772F37B13}.Debug|Any CPU.ActiveCfg = Debug|Any CPU
		{F5EF2A93-8AD2-4DE8-93AF-E89772F37B13}.Debug|Any CPU.Build.0 = Debug|Any CPU
		{F5EF2A93-8AD2-4DE8-93AF-E89772F37B13}.Release|Any CPU.ActiveCfg = Release|Any CPU
		{F5EF2A93-8AD2-4DE8-93AF-E89772F37B13}.Release|Any CPU.Build.0 = Release|Any CPU
	EndGlobalSection
	GlobalSection(SolutionProperties) = preSolution
		HideSolutionNode = FALSE
	EndGlobalSection
EndGlobal
